
Microsoft Visual Studio Solution File, Format Version 12.00
# Visual Studio 15
VisualStudioVersion = 15.0.28010.2019
MinimumVisualStudioVersion = 10.0.40219.1
Project("{9A19103F-16F7-4668-BE54-9A1E7A4F7556}") = "AbstractFactory", "AbstractFactory\AbstractFactory.csproj", "{149C46E0-42AE-42FF-A606-D098DBE0ADB6}"
	ProjectSection(ProjectDependencies) = postProject
		{878109FC-2B45-4CDA-B161-E9E498BC2A6D} = {878109FC-2B45-4CDA-B161-E9E498BC2A6D}
	EndProjectSection
EndProject
Project("{9A19103F-16F7-4668-BE54-9A1E7A4F7556}") = "DesignPatternBase", "DesignPatternBase\DesignPatternBase.csproj", "{878109FC-2B45-4CDA-B161-E9E498BC2A6D}"
EndProject
Project("{9A19103F-16F7-4668-BE54-9A1E7A4F7556}") = "App", "App\App.csproj", "{197DD367-12A4-47E7-92D3-8221CAA920A1}"
	ProjectSection(ProjectDependencies) = postProject
		{9C79439C-4EF0-4B29-BD20-49C57D193001} = {9C79439C-4EF0-4B29-BD20-49C57D193001}
	EndProjectSection
EndProject
Project("{9A19103F-16F7-4668-BE54-9A1E7A4F7556}") = "FactoryMethod", "FactoryMethod\FactoryMethod.csproj", "{F9D851B8-48C0-43CC-A900-A6EA0D10B682}"
EndProject
Project("{9A19103F-16F7-4668-BE54-9A1E7A4F7556}") = "Prototype", "Prototype\Prototype.csproj", "{9C79439C-4EF0-4B29-BD20-49C57D193001}"
EndProject
Project("{FAE04EC0-301F-11D3-BF4B-00C04F79EFBC}") = "Builder", "Builder\Builder.csproj", "{26ACE7D6-DC8D-4268-B664-86EDD1F5DDF1}"
EndProject
Global
	GlobalSection(SolutionConfigurationPlatforms) = preSolution
		Debug|Any CPU = Debug|Any CPU
		Release|Any CPU = Release|Any CPU
	EndGlobalSection
	GlobalSection(ProjectConfigurationPlatforms) = postSolution
		{149C46E0-42AE-42FF-A606-D098DBE0ADB6}.Debug|Any CPU.ActiveCfg = Debug|Any CPU
		{149C46E0-42AE-42FF-A606-D098DBE0ADB6}.Debug|Any CPU.Build.0 = Debug|Any CPU
		{149C46E0-42AE-42FF-A606-D098DBE0ADB6}.Release|Any CPU.ActiveCfg = Release|Any CPU
		{149C46E0-42AE-42FF-A606-D098DBE0ADB6}.Release|Any CPU.Build.0 = Release|Any CPU
		{878109FC-2B45-4CDA-B161-E9E498BC2A6D}.Debug|Any CPU.ActiveCfg = Debug|Any CPU
		{878109FC-2B45-4CDA-B161-E9E498BC2A6D}.Debug|Any CPU.Build.0 = Debug|Any CPU
		{878109FC-2B45-4CDA-B161-E9E498BC2A6D}.Release|Any CPU.ActiveCfg = Release|Any CPU
		{878109FC-2B45-4CDA-B161-E9E498BC2A6D}.Release|Any CPU.Build.0 = Release|Any CPU
		{197DD367-12A4-47E7-92D3-8221CAA920A1}.Debug|Any CPU.ActiveCfg = Debug|Any CPU
		{197DD367-12A4-47E7-92D3-8221CAA920A1}.Debug|Any CPU.Build.0 = Debug|Any CPU
		{197DD367-12A4-47E7-92D3-8221CAA920A1}.Release|Any CPU.ActiveCfg = Release|Any CPU
		{197DD367-12A4-47E7-92D3-8221CAA920A1}.Release|Any CPU.Build.0 = Release|Any CPU
		{F9D851B8-48C0-43CC-A900-A6EA0D10B682}.Debug|Any CPU.ActiveCfg = Debug|Any CPU
		{F9D851B8-48C0-43CC-A900-A6EA0D10B682}.Debug|Any CPU.Build.0 = Debug|Any CPU
		{F9D851B8-48C0-43CC-A900-A6EA0D10B682}.Release|Any CPU.ActiveCfg = Release|Any CPU
		{F9D851B8-48C0-43CC-A900-A6EA0D10B682}.Release|Any CPU.Build.0 = Release|Any CPU
		{9C79439C-4EF0-4B29-BD20-49C57D193001}.Debug|Any CPU.ActiveCfg = Debug|Any CPU
		{9C79439C-4EF0-4B29-BD20-49C57D193001}.Debug|Any CPU.Build.0 = Debug|Any CPU
		{9C79439C-4EF0-4B29-BD20-49C57D193001}.Release|Any CPU.ActiveCfg = Release|Any CPU
		{9C79439C-4EF0-4B29-BD20-49C57D193001}.Release|Any CPU.Build.0 = Release|Any CPU
		{26ACE7D6-DC8D-4268-B664-86EDD1F5DDF1}.Debug|Any CPU.ActiveCfg = Debug|Any CPU
		{26ACE7D6-DC8D-4268-B664-86EDD1F5DDF1}.Debug|Any CPU.Build.0 = Debug|Any CPU
		{26ACE7D6-DC8D-4268-B664-86EDD1F5DDF1}.Release|Any CPU.ActiveCfg = Release|Any CPU
		{26ACE7D6-DC8D-4268-B664-86EDD1F5DDF1}.Release|Any CPU.Build.0 = Release|Any CPU
	EndGlobalSection
	GlobalSection(SolutionProperties) = preSolution
		HideSolutionNode = FALSE
	EndGlobalSection
	GlobalSection(ExtensibilityGlobals) = postSolution
		SolutionGuid = {F4595F9C-E6E0-4CE6-8BC4-A058EFEF1FA5}
	EndGlobalSection
EndGlobal
