
Microsoft Visual Studio Solution File, Format Version 12.00
# Visual Studio 15
VisualStudioVersion = 15.0.28010.2019
MinimumVisualStudioVersion = 10.0.40219.1
Project("{9A19103F-16F7-4668-BE54-9A1E7A4F7556}") = "AbstractFactory", "AbstractFactory\AbstractFactory.csproj", "{149C46E0-42AE-42FF-A606-D098DBE0ADB6}"
	ProjectSection(ProjectDependencies) = postProject
		{878109FC-2B45-4CDA-B161-E9E498BC2A6D} = {878109FC-2B45-4CDA-B161-E9E498BC2A6D}
	EndProjectSection
EndProject
Project("{9A19103F-16F7-4668-BE54-9A1E7A4F7556}") = "DesignPatternBase", "DesignPatternBase\DesignPatternBase.csproj", "{878109FC-2B45-4CDA-B161-E9E498BC2A6D}"
EndProject
Project("{9A19103F-16F7-4668-BE54-9A1E7A4F7556}") = "App", "App\App.csproj", "{197DD367-12A4-47E7-92D3-8221CAA920A1}"
EndProject
Global
	GlobalSection(SolutionConfigurationPlatforms) = preSolution
		Debug|Any CPU = Debug|Any CPU
		Release|Any CPU = Release|Any CPU
	EndGlobalSection
	GlobalSection(ProjectConfigurationPlatforms) = postSolution
		{149C46E0-42AE-42FF-A606-D098DBE0ADB6}.Debug|Any CPU.ActiveCfg = Debug|Any CPU
		{149C46E0-42AE-42FF-A606-D098DBE0ADB6}.Debug|Any CPU.Build.0 = Debug|Any CPU
		{149C46E0-42AE-42FF-A606-D098DBE0ADB6}.Release|Any CPU.ActiveCfg = Release|Any CPU
		{149C46E0-42AE-42FF-A606-D098DBE0ADB6}.Release|Any CPU.Build.0 = Release|Any CPU
		{878109FC-2B45-4CDA-B161-E9E498BC2A6D}.Debug|Any CPU.ActiveCfg = Debug|Any CPU
		{878109FC-2B45-4CDA-B161-E9E498BC2A6D}.Debug|Any CPU.Build.0 = Debug|Any CPU
		{878109FC-2B45-4CDA-B161-E9E498BC2A6D}.Release|Any CPU.ActiveCfg = Release|Any CPU
		{878109FC-2B45-4CDA-B161-E9E498BC2A6D}.Release|Any CPU.Build.0 = Release|Any CPU
		{197DD367-12A4-47E7-92D3-8221CAA920A1}.Debug|Any CPU.ActiveCfg = Debug|Any CPU
		{197DD367-12A4-47E7-92D3-8221CAA920A1}.Debug|Any CPU.Build.0 = Debug|Any CPU
		{197DD367-12A4-47E7-92D3-8221CAA920A1}.Release|Any CPU.ActiveCfg = Release|Any CPU
		{197DD367-12A4-47E7-92D3-8221CAA920A1}.Release|Any CPU.Build.0 = Release|Any CPU
	EndGlobalSection
	GlobalSection(SolutionProperties) = preSolution
		HideSolutionNode = FALSE
	EndGlobalSection
	GlobalSection(ExtensibilityGlobals) = postSolution
		SolutionGuid = {F4595F9C-E6E0-4CE6-8BC4-A058EFEF1FA5}
	EndGlobalSection
EndGlobal
