
Microsoft Visual Studio Solution File, Format Version 12.00
# Visual Studio Version 16
VisualStudioVersion = 16.0.29409.12
MinimumVisualStudioVersion = 10.0.40219.1
Project("{9A19103F-16F7-4668-BE54-9A1E7A4F7556}") = "AbstractFactory", "AbstractFactory\AbstractFactory.csproj", "{149C46E0-42AE-42FF-A606-D098DBE0ADB6}"
	ProjectSection(ProjectDependencies) = postProject
		{878109FC-2B45-4CDA-B161-E9E498BC2A6D} = {878109FC-2B45-4CDA-B161-E9E498BC2A6D}
	EndProjectSection
EndProject
Project("{9A19103F-16F7-4668-BE54-9A1E7A4F7556}") = "DesignPatternBase", "DesignPatternBase\DesignPatternBase.csproj", "{878109FC-2B45-4CDA-B161-E9E498BC2A6D}"
EndProject
Project("{9A19103F-16F7-4668-BE54-9A1E7A4F7556}") = "App", "App\App.csproj", "{197DD367-12A4-47E7-92D3-8221CAA920A1}"
	ProjectSection(ProjectDependencies) = postProject
		{9C79439C-4EF0-4B29-BD20-49C57D193001} = {9C79439C-4EF0-4B29-BD20-49C57D193001}
	EndProjectSection
EndProject
Project("{9A19103F-16F7-4668-BE54-9A1E7A4F7556}") = "FactoryMethod", "FactoryMethod\FactoryMethod.csproj", "{F9D851B8-48C0-43CC-A900-A6EA0D10B682}"
EndProject
Project("{9A19103F-16F7-4668-BE54-9A1E7A4F7556}") = "Prototype", "Prototype\Prototype.csproj", "{9C79439C-4EF0-4B29-BD20-49C57D193001}"
EndProject
Project("{9A19103F-16F7-4668-BE54-9A1E7A4F7556}") = "Builder", "Builder\Builder.csproj", "{26ACE7D6-DC8D-4268-B664-86EDD1F5DDF1}"
EndProject
Project("{9A19103F-16F7-4668-BE54-9A1E7A4F7556}") = "Singleton", "Singleton\Singleton.csproj", "{7BEBE945-421B-4301-91AF-28C95487F6D3}"
EndProject
Project("{9A19103F-16F7-4668-BE54-9A1E7A4F7556}") = "Adapter", "Adapter\Adapter.csproj", "{35968232-FA3A-4E33-9BEE-A6149BD3C7AB}"
EndProject
Project("{9A19103F-16F7-4668-BE54-9A1E7A4F7556}") = "Bridge", "Bridge\Bridge.csproj", "{2CBB1A95-FBEB-473C-BEBF-FE7DD0199ED4}"
EndProject
Project("{9A19103F-16F7-4668-BE54-9A1E7A4F7556}") = "CompositePattern", "Composite\CompositePattern.csproj", "{9FDE2CC3-EDCA-419F-BCCD-E61E47F7EC75}"
EndProject
Project("{9A19103F-16F7-4668-BE54-9A1E7A4F7556}") = "Decorator", "Decorator\Decorator.csproj", "{7C2AB780-9120-434C-9758-82E1D96A93B5}"
EndProject
Project("{9A19103F-16F7-4668-BE54-9A1E7A4F7556}") = "Proxy", "Proxy\Proxy.csproj", "{7AA5553A-F5A6-4D3B-AEB8-C946A71114E9}"
EndProject
Project("{9A19103F-16F7-4668-BE54-9A1E7A4F7556}") = "Facade", "Facade\Facade.csproj", "{62ED9AA9-3C39-4A82-BC57-8A551B7D2964}"
EndProject
Project("{9A19103F-16F7-4668-BE54-9A1E7A4F7556}") = "Flyweight", "Flyweight\Flyweight.csproj", "{440BFBE9-075D-41F4-B9E1-AA18E94606C6}"
EndProject
Project("{9A19103F-16F7-4668-BE54-9A1E7A4F7556}") = "ChainOfResponsibility", "ChainOfResponsibility\ChainOfResponsibility.csproj", "{417E50D0-7EE1-4037-BC07-8D82F758D004}"
EndProject
Project("{9A19103F-16F7-4668-BE54-9A1E7A4F7556}") = "Command", "Command\Command.csproj", "{91AD7415-D7E9-4EE2-A0AE-6895F161FA4F}"
EndProject
Project("{FAE04EC0-301F-11D3-BF4B-00C04F79EFBC}") = "Interpreter", "Interpreter\Interpreter.csproj", "{033FF9FE-061E-496C-B8B8-280509DB1946}"
EndProject
Global
	GlobalSection(SolutionConfigurationPlatforms) = preSolution
		Debug|Any CPU = Debug|Any CPU
		Release|Any CPU = Release|Any CPU
	EndGlobalSection
	GlobalSection(ProjectConfigurationPlatforms) = postSolution
		{149C46E0-42AE-42FF-A606-D098DBE0ADB6}.Debug|Any CPU.ActiveCfg = Debug|Any CPU
		{149C46E0-42AE-42FF-A606-D098DBE0ADB6}.Debug|Any CPU.Build.0 = Debug|Any CPU
		{149C46E0-42AE-42FF-A606-D098DBE0ADB6}.Release|Any CPU.ActiveCfg = Release|Any CPU
		{149C46E0-42AE-42FF-A606-D098DBE0ADB6}.Release|Any CPU.Build.0 = Release|Any CPU
		{878109FC-2B45-4CDA-B161-E9E498BC2A6D}.Debug|Any CPU.ActiveCfg = Debug|Any CPU
		{878109FC-2B45-4CDA-B161-E9E498BC2A6D}.Debug|Any CPU.Build.0 = Debug|Any CPU
		{878109FC-2B45-4CDA-B161-E9E498BC2A6D}.Release|Any CPU.ActiveCfg = Release|Any CPU
		{878109FC-2B45-4CDA-B161-E9E498BC2A6D}.Release|Any CPU.Build.0 = Release|Any CPU
		{197DD367-12A4-47E7-92D3-8221CAA920A1}.Debug|Any CPU.ActiveCfg = Debug|Any CPU
		{197DD367-12A4-47E7-92D3-8221CAA920A1}.Debug|Any CPU.Build.0 = Debug|Any CPU
		{197DD367-12A4-47E7-92D3-8221CAA920A1}.Release|Any CPU.ActiveCfg = Release|Any CPU
		{197DD367-12A4-47E7-92D3-8221CAA920A1}.Release|Any CPU.Build.0 = Release|Any CPU
		{F9D851B8-48C0-43CC-A900-A6EA0D10B682}.Debug|Any CPU.ActiveCfg = Debug|Any CPU
		{F9D851B8-48C0-43CC-A900-A6EA0D10B682}.Debug|Any CPU.Build.0 = Debug|Any CPU
		{F9D851B8-48C0-43CC-A900-A6EA0D10B682}.Release|Any CPU.ActiveCfg = Release|Any CPU
		{F9D851B8-48C0-43CC-A900-A6EA0D10B682}.Release|Any CPU.Build.0 = Release|Any CPU
		{9C79439C-4EF0-4B29-BD20-49C57D193001}.Debug|Any CPU.ActiveCfg = Debug|Any CPU
		{9C79439C-4EF0-4B29-BD20-49C57D193001}.Debug|Any CPU.Build.0 = Debug|Any CPU
		{9C79439C-4EF0-4B29-BD20-49C57D193001}.Release|Any CPU.ActiveCfg = Release|Any CPU
		{9C79439C-4EF0-4B29-BD20-49C57D193001}.Release|Any CPU.Build.0 = Release|Any CPU
		{26ACE7D6-DC8D-4268-B664-86EDD1F5DDF1}.Debug|Any CPU.ActiveCfg = Debug|Any CPU
		{26ACE7D6-DC8D-4268-B664-86EDD1F5DDF1}.Debug|Any CPU.Build.0 = Debug|Any CPU
		{26ACE7D6-DC8D-4268-B664-86EDD1F5DDF1}.Release|Any CPU.ActiveCfg = Release|Any CPU
		{26ACE7D6-DC8D-4268-B664-86EDD1F5DDF1}.Release|Any CPU.Build.0 = Release|Any CPU
		{7BEBE945-421B-4301-91AF-28C95487F6D3}.Debug|Any CPU.ActiveCfg = Debug|Any CPU
		{7BEBE945-421B-4301-91AF-28C95487F6D3}.Debug|Any CPU.Build.0 = Debug|Any CPU
		{7BEBE945-421B-4301-91AF-28C95487F6D3}.Release|Any CPU.ActiveCfg = Release|Any CPU
		{7BEBE945-421B-4301-91AF-28C95487F6D3}.Release|Any CPU.Build.0 = Release|Any CPU
		{35968232-FA3A-4E33-9BEE-A6149BD3C7AB}.Debug|Any CPU.ActiveCfg = Debug|Any CPU
		{35968232-FA3A-4E33-9BEE-A6149BD3C7AB}.Debug|Any CPU.Build.0 = Debug|Any CPU
		{35968232-FA3A-4E33-9BEE-A6149BD3C7AB}.Release|Any CPU.ActiveCfg = Release|Any CPU
		{35968232-FA3A-4E33-9BEE-A6149BD3C7AB}.Release|Any CPU.Build.0 = Release|Any CPU
		{2CBB1A95-FBEB-473C-BEBF-FE7DD0199ED4}.Debug|Any CPU.ActiveCfg = Debug|Any CPU
		{2CBB1A95-FBEB-473C-BEBF-FE7DD0199ED4}.Debug|Any CPU.Build.0 = Debug|Any CPU
		{2CBB1A95-FBEB-473C-BEBF-FE7DD0199ED4}.Release|Any CPU.ActiveCfg = Release|Any CPU
		{2CBB1A95-FBEB-473C-BEBF-FE7DD0199ED4}.Release|Any CPU.Build.0 = Release|Any CPU
		{9FDE2CC3-EDCA-419F-BCCD-E61E47F7EC75}.Debug|Any CPU.ActiveCfg = Debug|Any CPU
		{9FDE2CC3-EDCA-419F-BCCD-E61E47F7EC75}.Debug|Any CPU.Build.0 = Debug|Any CPU
		{9FDE2CC3-EDCA-419F-BCCD-E61E47F7EC75}.Release|Any CPU.ActiveCfg = Release|Any CPU
		{9FDE2CC3-EDCA-419F-BCCD-E61E47F7EC75}.Release|Any CPU.Build.0 = Release|Any CPU
		{7C2AB780-9120-434C-9758-82E1D96A93B5}.Debug|Any CPU.ActiveCfg = Debug|Any CPU
		{7C2AB780-9120-434C-9758-82E1D96A93B5}.Debug|Any CPU.Build.0 = Debug|Any CPU
		{7C2AB780-9120-434C-9758-82E1D96A93B5}.Release|Any CPU.ActiveCfg = Release|Any CPU
		{7C2AB780-9120-434C-9758-82E1D96A93B5}.Release|Any CPU.Build.0 = Release|Any CPU
		{7AA5553A-F5A6-4D3B-AEB8-C946A71114E9}.Debug|Any CPU.ActiveCfg = Debug|Any CPU
		{7AA5553A-F5A6-4D3B-AEB8-C946A71114E9}.Debug|Any CPU.Build.0 = Debug|Any CPU
		{7AA5553A-F5A6-4D3B-AEB8-C946A71114E9}.Release|Any CPU.ActiveCfg = Release|Any CPU
		{7AA5553A-F5A6-4D3B-AEB8-C946A71114E9}.Release|Any CPU.Build.0 = Release|Any CPU
		{62ED9AA9-3C39-4A82-BC57-8A551B7D2964}.Debug|Any CPU.ActiveCfg = Debug|Any CPU
		{62ED9AA9-3C39-4A82-BC57-8A551B7D2964}.Debug|Any CPU.Build.0 = Debug|Any CPU
		{62ED9AA9-3C39-4A82-BC57-8A551B7D2964}.Release|Any CPU.ActiveCfg = Release|Any CPU
		{62ED9AA9-3C39-4A82-BC57-8A551B7D2964}.Release|Any CPU.Build.0 = Release|Any CPU
		{440BFBE9-075D-41F4-B9E1-AA18E94606C6}.Debug|Any CPU.ActiveCfg = Debug|Any CPU
		{440BFBE9-075D-41F4-B9E1-AA18E94606C6}.Debug|Any CPU.Build.0 = Debug|Any CPU
		{440BFBE9-075D-41F4-B9E1-AA18E94606C6}.Release|Any CPU.ActiveCfg = Release|Any CPU
		{440BFBE9-075D-41F4-B9E1-AA18E94606C6}.Release|Any CPU.Build.0 = Release|Any CPU
		{417E50D0-7EE1-4037-BC07-8D82F758D004}.Debug|Any CPU.ActiveCfg = Debug|Any CPU
		{417E50D0-7EE1-4037-BC07-8D82F758D004}.Debug|Any CPU.Build.0 = Debug|Any CPU
		{417E50D0-7EE1-4037-BC07-8D82F758D004}.Release|Any CPU.ActiveCfg = Release|Any CPU
		{417E50D0-7EE1-4037-BC07-8D82F758D004}.Release|Any CPU.Build.0 = Release|Any CPU
		{91AD7415-D7E9-4EE2-A0AE-6895F161FA4F}.Debug|Any CPU.ActiveCfg = Debug|Any CPU
		{91AD7415-D7E9-4EE2-A0AE-6895F161FA4F}.Debug|Any CPU.Build.0 = Debug|Any CPU
		{91AD7415-D7E9-4EE2-A0AE-6895F161FA4F}.Release|Any CPU.ActiveCfg = Release|Any CPU
		{91AD7415-D7E9-4EE2-A0AE-6895F161FA4F}.Release|Any CPU.Build.0 = Release|Any CPU
		{033FF9FE-061E-496C-B8B8-280509DB1946}.Debug|Any CPU.ActiveCfg = Debug|Any CPU
		{033FF9FE-061E-496C-B8B8-280509DB1946}.Debug|Any CPU.Build.0 = Debug|Any CPU
		{033FF9FE-061E-496C-B8B8-280509DB1946}.Release|Any CPU.ActiveCfg = Release|Any CPU
		{033FF9FE-061E-496C-B8B8-280509DB1946}.Release|Any CPU.Build.0 = Release|Any CPU
	EndGlobalSection
	GlobalSection(SolutionProperties) = preSolution
		HideSolutionNode = FALSE
	EndGlobalSection
	GlobalSection(ExtensibilityGlobals) = postSolution
		SolutionGuid = {F4595F9C-E6E0-4CE6-8BC4-A058EFEF1FA5}
	EndGlobalSection
EndGlobal
